<Solution>
    <Folder Name="/Solution Items/">
        <File Path=".editorconfig" />
    </Folder>
    <Project Path="BetaSharp.Client/BetaSharp.Client.csproj" Id="18a43ffb-2a42-4f5b-8b07-e95b636625ac">
    </Project>
    <Project Path="BetaSharp.Server/BetaSharp.Server.csproj" Id="20d1aaba-1a9e-48c4-9d0e-9417ba21e63e">
    </Project>
    <Project Path="BetaSharp/BetaSharp.csproj" />
</Solution>
